
Microsoft Visual Studio Solution File, Format Version 12.00
# Visual Studio Version 16
VisualStudioVersion = 16.0.30128.74
MinimumVisualStudioVersion = 10.0.40219.1
Project("{2150E333-8FDC-42A3-9474-1A3956D46DE8}") = "src", "src", "{1062C0F2-31F7-45B4-86C5-4988D9DFD832}"
EndProject
Project("{9A19103F-16F7-4668-BE54-9A1E7A4F7556}") = "Catalog.API", "src\Catalog\Catalog.API\Catalog.API.csproj", "{61996D3F-D71C-48DB-A4FC-F54C430E2036}"
EndProject
Project("{2150E333-8FDC-42A3-9474-1A3956D46DE8}") = "Catalog", "Catalog", "{595CAC76-C680-465C-8655-0F89782ED7B4}"
EndProject
Project("{E53339B2-1760-4266-BCC7-CA923CBCF16C}") = "docker-compose", "docker-compose.dcproj", "{D18F131E-60B1-4C99-8B53-51B2E0CEA735}"
EndProject
Project("{2150E333-8FDC-42A3-9474-1A3956D46DE8}") = "Basket", "Basket", "{B0C9E4E1-4103-4552-8A42-0AE17D61B898}"
EndProject
Project("{9A19103F-16F7-4668-BE54-9A1E7A4F7556}") = "Basket.API", "src\Basket\Basket.API\Basket.API.csproj", "{26ECBCA0-24E2-4650-B115-8EF3CF3BD103}"
EndProject
Project("{2150E333-8FDC-42A3-9474-1A3956D46DE8}") = "Common", "Common", "{DBF297D1-7945-49A1-9877-E03FF9479745}"
EndProject
Project("{9A19103F-16F7-4668-BE54-9A1E7A4F7556}") = "EventBusRabbitMQ", "src\Common\EventBusRabbitMQ\EventBusRabbitMQ.csproj", "{906850C1-E2C0-4433-A531-4424D9F2D19D}"
EndProject
Project("{2150E333-8FDC-42A3-9474-1A3956D46DE8}") = "Ordering", "Ordering", "{92285A3B-47A9-4906-B756-B743E53C2021}"
EndProject
Project("{9A19103F-16F7-4668-BE54-9A1E7A4F7556}") = "Ordering.API", "src\Ordering\Ordering.API\Ordering.API.csproj", "{E4049C0B-6C8D-4714-AD84-ABA53FC52D54}"
EndProject
Project("{FAE04EC0-301F-11D3-BF4B-00C04F79EFBC}") = "Ordering.Core", "src\Ordering\Ordering.Core\Ordering.Core.csproj", "{7EF62197-FF8A-47DE-B0BF-0A92A319805C}"
EndProject
Project("{FAE04EC0-301F-11D3-BF4B-00C04F79EFBC}") = "Ordering.Infrastructure", "src\Ordering\Ordering.Infrastructure\Ordering.Infrastructure.csproj", "{9E471EE6-FDBB-4584-A972-5CBC60A48ECA}"
EndProject
Global
	GlobalSection(SolutionConfigurationPlatforms) = preSolution
		Debug|Any CPU = Debug|Any CPU
		Release|Any CPU = Release|Any CPU
	EndGlobalSection
	GlobalSection(ProjectConfigurationPlatforms) = postSolution
		{61996D3F-D71C-48DB-A4FC-F54C430E2036}.Debug|Any CPU.ActiveCfg = Debug|Any CPU
		{61996D3F-D71C-48DB-A4FC-F54C430E2036}.Debug|Any CPU.Build.0 = Debug|Any CPU
		{61996D3F-D71C-48DB-A4FC-F54C430E2036}.Release|Any CPU.ActiveCfg = Release|Any CPU
		{61996D3F-D71C-48DB-A4FC-F54C430E2036}.Release|Any CPU.Build.0 = Release|Any CPU
		{D18F131E-60B1-4C99-8B53-51B2E0CEA735}.Debug|Any CPU.ActiveCfg = Debug|Any CPU
		{D18F131E-60B1-4C99-8B53-51B2E0CEA735}.Debug|Any CPU.Build.0 = Debug|Any CPU
		{D18F131E-60B1-4C99-8B53-51B2E0CEA735}.Release|Any CPU.ActiveCfg = Release|Any CPU
		{D18F131E-60B1-4C99-8B53-51B2E0CEA735}.Release|Any CPU.Build.0 = Release|Any CPU
		{26ECBCA0-24E2-4650-B115-8EF3CF3BD103}.Debug|Any CPU.ActiveCfg = Debug|Any CPU
		{26ECBCA0-24E2-4650-B115-8EF3CF3BD103}.Debug|Any CPU.Build.0 = Debug|Any CPU
		{26ECBCA0-24E2-4650-B115-8EF3CF3BD103}.Release|Any CPU.ActiveCfg = Release|Any CPU
		{26ECBCA0-24E2-4650-B115-8EF3CF3BD103}.Release|Any CPU.Build.0 = Release|Any CPU
		{906850C1-E2C0-4433-A531-4424D9F2D19D}.Debug|Any CPU.ActiveCfg = Debug|Any CPU
		{906850C1-E2C0-4433-A531-4424D9F2D19D}.Debug|Any CPU.Build.0 = Debug|Any CPU
		{906850C1-E2C0-4433-A531-4424D9F2D19D}.Release|Any CPU.ActiveCfg = Release|Any CPU
		{906850C1-E2C0-4433-A531-4424D9F2D19D}.Release|Any CPU.Build.0 = Release|Any CPU
		{E4049C0B-6C8D-4714-AD84-ABA53FC52D54}.Debug|Any CPU.ActiveCfg = Debug|Any CPU
		{E4049C0B-6C8D-4714-AD84-ABA53FC52D54}.Debug|Any CPU.Build.0 = Debug|Any CPU
		{E4049C0B-6C8D-4714-AD84-ABA53FC52D54}.Release|Any CPU.ActiveCfg = Release|Any CPU
		{E4049C0B-6C8D-4714-AD84-ABA53FC52D54}.Release|Any CPU.Build.0 = Release|Any CPU
		{7EF62197-FF8A-47DE-B0BF-0A92A319805C}.Debug|Any CPU.ActiveCfg = Debug|Any CPU
		{7EF62197-FF8A-47DE-B0BF-0A92A319805C}.Debug|Any CPU.Build.0 = Debug|Any CPU
		{7EF62197-FF8A-47DE-B0BF-0A92A319805C}.Release|Any CPU.ActiveCfg = Release|Any CPU
		{7EF62197-FF8A-47DE-B0BF-0A92A319805C}.Release|Any CPU.Build.0 = Release|Any CPU
		{9E471EE6-FDBB-4584-A972-5CBC60A48ECA}.Debug|Any CPU.ActiveCfg = Debug|Any CPU
		{9E471EE6-FDBB-4584-A972-5CBC60A48ECA}.Debug|Any CPU.Build.0 = Debug|Any CPU
		{9E471EE6-FDBB-4584-A972-5CBC60A48ECA}.Release|Any CPU.ActiveCfg = Release|Any CPU
		{9E471EE6-FDBB-4584-A972-5CBC60A48ECA}.Release|Any CPU.Build.0 = Release|Any CPU
	EndGlobalSection
	GlobalSection(SolutionProperties) = preSolution
		HideSolutionNode = FALSE
	EndGlobalSection
	GlobalSection(NestedProjects) = preSolution
		{61996D3F-D71C-48DB-A4FC-F54C430E2036} = {595CAC76-C680-465C-8655-0F89782ED7B4}
		{595CAC76-C680-465C-8655-0F89782ED7B4} = {1062C0F2-31F7-45B4-86C5-4988D9DFD832}
		{B0C9E4E1-4103-4552-8A42-0AE17D61B898} = {1062C0F2-31F7-45B4-86C5-4988D9DFD832}
		{26ECBCA0-24E2-4650-B115-8EF3CF3BD103} = {B0C9E4E1-4103-4552-8A42-0AE17D61B898}
		{DBF297D1-7945-49A1-9877-E03FF9479745} = {1062C0F2-31F7-45B4-86C5-4988D9DFD832}
		{906850C1-E2C0-4433-A531-4424D9F2D19D} = {DBF297D1-7945-49A1-9877-E03FF9479745}
		{92285A3B-47A9-4906-B756-B743E53C2021} = {1062C0F2-31F7-45B4-86C5-4988D9DFD832}
		{E4049C0B-6C8D-4714-AD84-ABA53FC52D54} = {92285A3B-47A9-4906-B756-B743E53C2021}
		{7EF62197-FF8A-47DE-B0BF-0A92A319805C} = {92285A3B-47A9-4906-B756-B743E53C2021}
		{9E471EE6-FDBB-4584-A972-5CBC60A48ECA} = {92285A3B-47A9-4906-B756-B743E53C2021}
	EndGlobalSection
	GlobalSection(ExtensibilityGlobals) = postSolution
		SolutionGuid = {05742F43-64F0-4AE5-9041-339231F7A911}
	EndGlobalSection
EndGlobal
